
Microsoft Visual Studio Solution File, Format Version 12.00
# Visual Studio Version 17
VisualStudioVersion = 17.1.32104.313
MinimumVisualStudioVersion = 10.0.40219.1
Project("{2150E333-8FDC-42A3-9474-1A3956D46DE8}") = "StorageAccount", "StorageAccount", "{128C1D57-F782-4B00-A30E-EAF26DE58A36}"
EndProject
Project("{2150E333-8FDC-42A3-9474-1A3956D46DE8}") = "QueueStorage", "QueueStorage", "{C4A44CB1-07CD-4F5D-8779-DEF5BEBC2168}"
EndProject
Project("{2150E333-8FDC-42A3-9474-1A3956D46DE8}") = "BlobStorage", "BlobStorage", "{0E5EE40F-5364-424D-BE4C-924C47BCD6D7}"
EndProject
Project("{9A19103F-16F7-4668-BE54-9A1E7A4F7556}") = "BlobStorageSample", "StorageAccount\BlobStorage\BlobStorageSample.csproj", "{51C2ED3E-C04D-4864-B77A-ABE652A45ADA}"
EndProject
Project("{9A19103F-16F7-4668-BE54-9A1E7A4F7556}") = "QueueMessagePublisher", "StorageAccount\QueueStorage\QueueMessagePublisher\QueueMessagePublisher.csproj", "{529B220E-BA5A-41FF-BEB7-A8BE7B8C06CB}"
EndProject
Project("{9A19103F-16F7-4668-BE54-9A1E7A4F7556}") = "QueueMessageConsumer", "StorageAccount\QueueStorage\QueueMessageConsumer\QueueMessageConsumer.csproj", "{E1852DD4-4177-4258-9308-D83572117F62}"
EndProject
Project("{2150E333-8FDC-42A3-9474-1A3956D46DE8}") = "TableStorage", "TableStorage", "{AD434636-F667-47B6-8FF5-93A9F0EB2E08}"
EndProject
Project("{9A19103F-16F7-4668-BE54-9A1E7A4F7556}") = "TableStorageSample", "StorageAccount\TableStorage\TableStorageSample.csproj", "{84133868-3277-46E5-9AD6-F7344302FCE7}"
EndProject
Project("{2150E333-8FDC-42A3-9474-1A3956D46DE8}") = "AzureSQL", "AzureSQL", "{BA76FC52-E63F-4489-A9ED-E561AE20B0A9}"
EndProject
Project("{9A19103F-16F7-4668-BE54-9A1E7A4F7556}") = "AzureSqlSample", "AzureSQL\AzureSqlSample\AzureSqlSample.csproj", "{A2B84C5F-ECC3-4840-9C82-C35F5651D38B}"
EndProject
Project("{2150E333-8FDC-42A3-9474-1A3956D46DE8}") = "CosmosDB", "CosmosDB", "{A8B543BD-003A-400E-82FC-855D14150DCA}"
EndProject
Project("{9A19103F-16F7-4668-BE54-9A1E7A4F7556}") = "CosmosDbCore", "CosmosDB\CosmosDbCore\CosmosDbCore.csproj", "{00D66AB0-0687-4A95-84B8-0D527C624832}"
EndProject
Project("{9A19103F-16F7-4668-BE54-9A1E7A4F7556}") = "CosmosDbMongo", "CosmosDB\CosmosDbMongo\CosmosDbMongo.csproj", "{FCFE7C3C-B7A0-4691-B914-6D8D3CC5868C}"
EndProject
Project("{2150E333-8FDC-42A3-9474-1A3956D46DE8}") = "Redis", "Redis", "{FEDFEFD9-F92B-49D8-ACAE-E27062C74DCA}"
EndProject
Project("{9A19103F-16F7-4668-BE54-9A1E7A4F7556}") = "RedisCache", "Redis\RedisCache\RedisCache.csproj", "{A54198ED-7FC7-483E-850C-2DE4085F4929}"
EndProject
Project("{2150E333-8FDC-42A3-9474-1A3956D46DE8}") = "Apps", "Apps", "{5F2599BC-6130-4CA5-9F9F-66B9D71FF829}"
EndProject
Project("{9A19103F-16F7-4668-BE54-9A1E7A4F7556}") = "MvcSample", "Apps\MvcSample\MvcSample.csproj", "{02B9D60B-7FE7-4002-AD59-E6712A09265B}"
EndProject
Project("{2150E333-8FDC-42A3-9474-1A3956D46DE8}") = "AzureFunctions", "AzureFunctions", "{32736B32-9298-4DED-8A04-75101F5E1B68}"
EndProject
Project("{9A19103F-16F7-4668-BE54-9A1E7A4F7556}") = "Isolated", "AzureFunctions\BlobTriggerIsolated\Isolated.csproj", "{A54A3D75-FEB1-42E8-9F0C-58196FBB56AC}"
EndProject
Project("{2150E333-8FDC-42A3-9474-1A3956D46DE8}") = "KeyVault", "KeyVault", "{65003D2A-0544-40D4-890F-375873D45C63}"
EndProject
Project("{9A19103F-16F7-4668-BE54-9A1E7A4F7556}") = "KeyVaultConnection", "KevVault\KeyVaultConnection\KeyVaultConnection.csproj", "{77BB2F73-5C55-4CEC-B933-A46DD9F817E1}"
EndProject
Project("{2150E333-8FDC-42A3-9474-1A3956D46DE8}") = "ApplicationInsights", "ApplicationInsights", "{1BFDEF01-6523-4DFC-8A44-96BE7FFCE500}"
EndProject
Project("{9A19103F-16F7-4668-BE54-9A1E7A4F7556}") = "Todo.API", "ApplicationInsights\Todo.API\Todo.API.csproj", "{CB17B9FD-115D-43EA-8DE8-D20B15011EA2}"
EndProject
Project("{2150E333-8FDC-42A3-9474-1A3956D46DE8}") = "ServiceBus", "ServiceBus", "{4E667B27-55E0-409A-90C5-27AEE43A5FD2}"
EndProject
Project("{9A19103F-16F7-4668-BE54-9A1E7A4F7556}") = "ServiceBusProducent", "ServiceBus\ServiceBusProducent\ServiceBusProducent.csproj", "{383C7886-23D9-430F-AFFD-998553348C76}"
EndProject
Project("{FAE04EC0-301F-11D3-BF4B-00C04F79EFBC}") = "ServiceBusFunction", "ServiceBus\ServiceBusFunction\ServiceBusFunction.csproj", "{D62A4ACB-D876-4474-BF38-E6E3798BD3FA}"
EndProject
Project("{FAE04EC0-301F-11D3-BF4B-00C04F79EFBC}") = "ServiceBusConsoleWorker", "ServiceBus\ServiceBusConsoleWorker\ServiceBusConsoleWorker.csproj", "{EAFBECE6-D642-420A-81E1-3EF5FF88ECE4}"
EndProject
Global
	GlobalSection(SolutionConfigurationPlatforms) = preSolution
		Debug|Any CPU = Debug|Any CPU
		Release|Any CPU = Release|Any CPU
	EndGlobalSection
	GlobalSection(ProjectConfigurationPlatforms) = postSolution
		{51C2ED3E-C04D-4864-B77A-ABE652A45ADA}.Debug|Any CPU.ActiveCfg = Debug|Any CPU
		{51C2ED3E-C04D-4864-B77A-ABE652A45ADA}.Debug|Any CPU.Build.0 = Debug|Any CPU
		{51C2ED3E-C04D-4864-B77A-ABE652A45ADA}.Release|Any CPU.ActiveCfg = Release|Any CPU
		{51C2ED3E-C04D-4864-B77A-ABE652A45ADA}.Release|Any CPU.Build.0 = Release|Any CPU
		{529B220E-BA5A-41FF-BEB7-A8BE7B8C06CB}.Debug|Any CPU.ActiveCfg = Debug|Any CPU
		{529B220E-BA5A-41FF-BEB7-A8BE7B8C06CB}.Debug|Any CPU.Build.0 = Debug|Any CPU
		{529B220E-BA5A-41FF-BEB7-A8BE7B8C06CB}.Release|Any CPU.ActiveCfg = Release|Any CPU
		{529B220E-BA5A-41FF-BEB7-A8BE7B8C06CB}.Release|Any CPU.Build.0 = Release|Any CPU
		{E1852DD4-4177-4258-9308-D83572117F62}.Debug|Any CPU.ActiveCfg = Debug|Any CPU
		{E1852DD4-4177-4258-9308-D83572117F62}.Debug|Any CPU.Build.0 = Debug|Any CPU
		{E1852DD4-4177-4258-9308-D83572117F62}.Release|Any CPU.ActiveCfg = Release|Any CPU
		{E1852DD4-4177-4258-9308-D83572117F62}.Release|Any CPU.Build.0 = Release|Any CPU
		{84133868-3277-46E5-9AD6-F7344302FCE7}.Debug|Any CPU.ActiveCfg = Debug|Any CPU
		{84133868-3277-46E5-9AD6-F7344302FCE7}.Debug|Any CPU.Build.0 = Debug|Any CPU
		{84133868-3277-46E5-9AD6-F7344302FCE7}.Release|Any CPU.ActiveCfg = Release|Any CPU
		{84133868-3277-46E5-9AD6-F7344302FCE7}.Release|Any CPU.Build.0 = Release|Any CPU
		{A2B84C5F-ECC3-4840-9C82-C35F5651D38B}.Debug|Any CPU.ActiveCfg = Debug|Any CPU
		{A2B84C5F-ECC3-4840-9C82-C35F5651D38B}.Debug|Any CPU.Build.0 = Debug|Any CPU
		{A2B84C5F-ECC3-4840-9C82-C35F5651D38B}.Release|Any CPU.ActiveCfg = Release|Any CPU
		{A2B84C5F-ECC3-4840-9C82-C35F5651D38B}.Release|Any CPU.Build.0 = Release|Any CPU
		{00D66AB0-0687-4A95-84B8-0D527C624832}.Debug|Any CPU.ActiveCfg = Debug|Any CPU
		{00D66AB0-0687-4A95-84B8-0D527C624832}.Debug|Any CPU.Build.0 = Debug|Any CPU
		{00D66AB0-0687-4A95-84B8-0D527C624832}.Release|Any CPU.ActiveCfg = Release|Any CPU
		{00D66AB0-0687-4A95-84B8-0D527C624832}.Release|Any CPU.Build.0 = Release|Any CPU
		{FCFE7C3C-B7A0-4691-B914-6D8D3CC5868C}.Debug|Any CPU.ActiveCfg = Debug|Any CPU
		{FCFE7C3C-B7A0-4691-B914-6D8D3CC5868C}.Debug|Any CPU.Build.0 = Debug|Any CPU
		{FCFE7C3C-B7A0-4691-B914-6D8D3CC5868C}.Release|Any CPU.ActiveCfg = Release|Any CPU
		{FCFE7C3C-B7A0-4691-B914-6D8D3CC5868C}.Release|Any CPU.Build.0 = Release|Any CPU
		{A54198ED-7FC7-483E-850C-2DE4085F4929}.Debug|Any CPU.ActiveCfg = Debug|Any CPU
		{A54198ED-7FC7-483E-850C-2DE4085F4929}.Debug|Any CPU.Build.0 = Debug|Any CPU
		{A54198ED-7FC7-483E-850C-2DE4085F4929}.Release|Any CPU.ActiveCfg = Release|Any CPU
		{A54198ED-7FC7-483E-850C-2DE4085F4929}.Release|Any CPU.Build.0 = Release|Any CPU
		{02B9D60B-7FE7-4002-AD59-E6712A09265B}.Debug|Any CPU.ActiveCfg = Debug|Any CPU
		{02B9D60B-7FE7-4002-AD59-E6712A09265B}.Debug|Any CPU.Build.0 = Debug|Any CPU
		{02B9D60B-7FE7-4002-AD59-E6712A09265B}.Release|Any CPU.ActiveCfg = Release|Any CPU
		{02B9D60B-7FE7-4002-AD59-E6712A09265B}.Release|Any CPU.Build.0 = Release|Any CPU
		{A54A3D75-FEB1-42E8-9F0C-58196FBB56AC}.Debug|Any CPU.ActiveCfg = Debug|Any CPU
		{A54A3D75-FEB1-42E8-9F0C-58196FBB56AC}.Debug|Any CPU.Build.0 = Debug|Any CPU
		{A54A3D75-FEB1-42E8-9F0C-58196FBB56AC}.Release|Any CPU.ActiveCfg = Release|Any CPU
		{A54A3D75-FEB1-42E8-9F0C-58196FBB56AC}.Release|Any CPU.Build.0 = Release|Any CPU
		{77BB2F73-5C55-4CEC-B933-A46DD9F817E1}.Debug|Any CPU.ActiveCfg = Debug|Any CPU
		{77BB2F73-5C55-4CEC-B933-A46DD9F817E1}.Debug|Any CPU.Build.0 = Debug|Any CPU
		{77BB2F73-5C55-4CEC-B933-A46DD9F817E1}.Release|Any CPU.ActiveCfg = Release|Any CPU
		{77BB2F73-5C55-4CEC-B933-A46DD9F817E1}.Release|Any CPU.Build.0 = Release|Any CPU
		{CB17B9FD-115D-43EA-8DE8-D20B15011EA2}.Debug|Any CPU.ActiveCfg = Debug|Any CPU
		{CB17B9FD-115D-43EA-8DE8-D20B15011EA2}.Debug|Any CPU.Build.0 = Debug|Any CPU
		{CB17B9FD-115D-43EA-8DE8-D20B15011EA2}.Release|Any CPU.ActiveCfg = Release|Any CPU
		{CB17B9FD-115D-43EA-8DE8-D20B15011EA2}.Release|Any CPU.Build.0 = Release|Any CPU
		{383C7886-23D9-430F-AFFD-998553348C76}.Debug|Any CPU.ActiveCfg = Debug|Any CPU
		{383C7886-23D9-430F-AFFD-998553348C76}.Debug|Any CPU.Build.0 = Debug|Any CPU
		{383C7886-23D9-430F-AFFD-998553348C76}.Release|Any CPU.ActiveCfg = Release|Any CPU
		{383C7886-23D9-430F-AFFD-998553348C76}.Release|Any CPU.Build.0 = Release|Any CPU
		{D62A4ACB-D876-4474-BF38-E6E3798BD3FA}.Debug|Any CPU.ActiveCfg = Debug|Any CPU
		{D62A4ACB-D876-4474-BF38-E6E3798BD3FA}.Debug|Any CPU.Build.0 = Debug|Any CPU
		{D62A4ACB-D876-4474-BF38-E6E3798BD3FA}.Release|Any CPU.ActiveCfg = Release|Any CPU
		{D62A4ACB-D876-4474-BF38-E6E3798BD3FA}.Release|Any CPU.Build.0 = Release|Any CPU
		{EAFBECE6-D642-420A-81E1-3EF5FF88ECE4}.Debug|Any CPU.ActiveCfg = Debug|Any CPU
		{EAFBECE6-D642-420A-81E1-3EF5FF88ECE4}.Debug|Any CPU.Build.0 = Debug|Any CPU
		{EAFBECE6-D642-420A-81E1-3EF5FF88ECE4}.Release|Any CPU.ActiveCfg = Release|Any CPU
		{EAFBECE6-D642-420A-81E1-3EF5FF88ECE4}.Release|Any CPU.Build.0 = Release|Any CPU
	EndGlobalSection
	GlobalSection(SolutionProperties) = preSolution
		HideSolutionNode = FALSE
	EndGlobalSection
	GlobalSection(NestedProjects) = preSolution
		{C4A44CB1-07CD-4F5D-8779-DEF5BEBC2168} = {128C1D57-F782-4B00-A30E-EAF26DE58A36}
		{0E5EE40F-5364-424D-BE4C-924C47BCD6D7} = {128C1D57-F782-4B00-A30E-EAF26DE58A36}
		{51C2ED3E-C04D-4864-B77A-ABE652A45ADA} = {0E5EE40F-5364-424D-BE4C-924C47BCD6D7}
		{529B220E-BA5A-41FF-BEB7-A8BE7B8C06CB} = {C4A44CB1-07CD-4F5D-8779-DEF5BEBC2168}
		{E1852DD4-4177-4258-9308-D83572117F62} = {C4A44CB1-07CD-4F5D-8779-DEF5BEBC2168}
		{AD434636-F667-47B6-8FF5-93A9F0EB2E08} = {128C1D57-F782-4B00-A30E-EAF26DE58A36}
		{84133868-3277-46E5-9AD6-F7344302FCE7} = {AD434636-F667-47B6-8FF5-93A9F0EB2E08}
		{A2B84C5F-ECC3-4840-9C82-C35F5651D38B} = {BA76FC52-E63F-4489-A9ED-E561AE20B0A9}
		{00D66AB0-0687-4A95-84B8-0D527C624832} = {A8B543BD-003A-400E-82FC-855D14150DCA}
		{FCFE7C3C-B7A0-4691-B914-6D8D3CC5868C} = {A8B543BD-003A-400E-82FC-855D14150DCA}
		{A54198ED-7FC7-483E-850C-2DE4085F4929} = {FEDFEFD9-F92B-49D8-ACAE-E27062C74DCA}
		{02B9D60B-7FE7-4002-AD59-E6712A09265B} = {5F2599BC-6130-4CA5-9F9F-66B9D71FF829}
		{A54A3D75-FEB1-42E8-9F0C-58196FBB56AC} = {32736B32-9298-4DED-8A04-75101F5E1B68}
		{77BB2F73-5C55-4CEC-B933-A46DD9F817E1} = {65003D2A-0544-40D4-890F-375873D45C63}
		{CB17B9FD-115D-43EA-8DE8-D20B15011EA2} = {1BFDEF01-6523-4DFC-8A44-96BE7FFCE500}
		{383C7886-23D9-430F-AFFD-998553348C76} = {4E667B27-55E0-409A-90C5-27AEE43A5FD2}
		{D62A4ACB-D876-4474-BF38-E6E3798BD3FA} = {4E667B27-55E0-409A-90C5-27AEE43A5FD2}
		{EAFBECE6-D642-420A-81E1-3EF5FF88ECE4} = {4E667B27-55E0-409A-90C5-27AEE43A5FD2}
	EndGlobalSection
	GlobalSection(ExtensibilityGlobals) = postSolution
		SolutionGuid = {7E44FA88-6951-4E3A-BDC3-C791D8B8A154}
	EndGlobalSection
EndGlobal
